// !$*UTF8*$!
{
	archiveVersion = 1;
	classes = {
	};
	objectVersion = 50;
	objects = {

/* Begin PBXBuildFile section */
		13CC82C025CD09E700DEF23B /* RoundButton.swift in Sources */ = {isa = PBXBuildFile; fileRef = 13CC82BF25CD09E700DEF23B /* RoundButton.swift */; };
		13D1FCE725C8764C0029334C /* AppDelegate.swift in Sources */ = {isa = PBXBuildFile; fileRef = 13D1FCE625C8764C0029334C /* AppDelegate.swift */; };
		13D1FCE925C8764C0029334C /* SceneDelegate.swift in Sources */ = {isa = PBXBuildFile; fileRef = 13D1FCE825C8764C0029334C /* SceneDelegate.swift */; };
		13D1FCEB25C8764C0029334C /* ViewController.swift in Sources */ = {isa = PBXBuildFile; fileRef = 13D1FCEA25C8764C0029334C /* ViewController.swift */; };
		13D1FCEE25C8764C0029334C /* Main.storyboard in Resources */ = {isa = PBXBuildFile; fileRef = 13D1FCEC25C8764C0029334C /* Main.storyboard */; };
		13D1FCF025C8764E0029334C /* Assets.xcassets in Resources */ = {isa = PBXBuildFile; fileRef = 13D1FCEF25C8764E0029334C /* Assets.xcassets */; };
		13D1FCF325C8764E0029334C /* LaunchScreen.storyboard in Resources */ = {isa = PBXBuildFile; fileRef = 13D1FCF125C8764E0029334C /* LaunchScreen.storyboard */; };
		13D1FCFF25C879E70029334C /* Calculator.swift in Sources */ = {isa = PBXBuildFile; fileRef = 13D1FCFE25C879E70029334C /* Calculator.swift */; };
/* End PBXBuildFile section */

/* Begin PBXFileReference section */
		13CC82BF25CD09E700DEF23B /* RoundButton.swift */ = {isa = PBXFileReference; lastKnownFileType = sourcecode.swift; path = RoundButton.swift; sourceTree = "<group>"; };
		13D1FCE325C8764C0029334C /* Calculator_iOS.app */ = {isa = PBXFileReference; explicitFileType = wrapper.application; includeInIndex = 0; path = Calculator_iOS.app; sourceTree = BUILT_PRODUCTS_DIR; };
		13D1FCE625C8764C0029334C /* AppDelegate.swift */ = {isa = PBXFileReference; lastKnownFileType = sourcecode.swift; path = AppDelegate.swift; sourceTree = "<group>"; };
		13D1FCE825C8764C0029334C /* SceneDelegate.swift */ = {isa = PBXFileReference; lastKnownFileType = sourcecode.swift; path = SceneDelegate.swift; sourceTree = "<group>"; };
		13D1FCEA25C8764C0029334C /* ViewController.swift */ = {isa = PBXFileReference; lastKnownFileType = sourcecode.swift; path = ViewController.swift; sourceTree = "<group>"; };
		13D1FCED25C8764C0029334C /* Base */ = {isa = PBXFileReference; lastKnownFileType = file.storyboard; name = Base; path = Base.lproj/Main.storyboard; sourceTree = "<group>"; };
		13D1FCEF25C8764E0029334C /* Assets.xcassets */ = {isa = PBXFileReference; lastKnownFileType = folder.assetcatalog; path = Assets.xcassets; sourceTree = "<group>"; };
		13D1FCF225C8764E0029334C /* Base */ = {isa = PBXFileReference; lastKnownFileType = file.storyboard; name = Base; path = Base.lproj/LaunchScreen.storyboard; sourceTree = "<group>"; };
		13D1FCF425C8764E0029334C /* Info.plist */ = {isa = PBXFileReference; lastKnownFileType = text.plist.xml; path = Info.plist; sourceTree = "<group>"; };
		13D1FCFE25C879E70029334C /* Calculator.swift */ = {isa = PBXFileReference; lastKnownFileType = sourcecode.swift; path = Calculator.swift; sourceTree = "<group>"; };
/* End PBXFileReference section */

/* Begin PBXFrameworksBuildPhase section */
		13D1FCE025C8764C0029334C /* Frameworks */ = {
			isa = PBXFrameworksBuildPhase;
			buildActionMask = 2147483647;
			files = (
			);
			runOnlyForDeploymentPostprocessing = 0;
		};
/* End PBXFrameworksBuildPhase section */

/* Begin PBXGroup section */
		13D1FCDA25C8764C0029334C = {
			isa = PBXGroup;
			children = (
				13D1FCE525C8764C0029334C /* Calculator_iOS */,
				13D1FCE425C8764C0029334C /* Products */,
			);
			sourceTree = "<group>";
		};
		13D1FCE425C8764C0029334C /* Products */ = {
			isa = PBXGroup;
			children = (
				13D1FCE325C8764C0029334C /* Calculator_iOS.app */,
			);
			name = Products;
			sourceTree = "<group>";
		};
		13D1FCE525C8764C0029334C /* Calculator_iOS */ = {
			isa = PBXGroup;
			children = (
				13D1FCFB25C879B70029334C /* Model */,
				13D1FCFC25C879BC0029334C /* View */,
				13D1FCFD25C879C20029334C /* Controller */,
				13D1FD0325C87E650029334C /* Resources */,
				13D1FCF425C8764E0029334C /* Info.plist */,
			);
			path = Calculator_iOS;
			sourceTree = "<group>";
		};
		13D1FCFB25C879B70029334C /* Model */ = {
			isa = PBXGroup;
			children = (
				13D1FCFE25C879E70029334C /* Calculator.swift */,
			);
			path = Model;
			sourceTree = "<group>";
		};
		13D1FCFC25C879BC0029334C /* View */ = {
			isa = PBXGroup;
			children = (
				13D1FCEC25C8764C0029334C /* Main.storyboard */,
				13D1FCF125C8764E0029334C /* LaunchScreen.storyboard */,
				13CC82BF25CD09E700DEF23B /* RoundButton.swift */,
			);
			path = View;
			sourceTree = "<group>";
		};
		13D1FCFD25C879C20029334C /* Controller */ = {
			isa = PBXGroup;
			children = (
				13D1FCEA25C8764C0029334C /* ViewController.swift */,
			);
			path = Controller;
			sourceTree = "<group>";
		};
		13D1FD0325C87E650029334C /* Resources */ = {
			isa = PBXGroup;
			children = (
				13D1FD0425C87E740029334C /* More */,
				13D1FCEF25C8764E0029334C /* Assets.xcassets */,
			);
			path = Resources;
			sourceTree = "<group>";
		};
		13D1FD0425C87E740029334C /* More */ = {
			isa = PBXGroup;
			children = (
				13D1FCE825C8764C0029334C /* SceneDelegate.swift */,
				13D1FCE625C8764C0029334C /* AppDelegate.swift */,
			);
			path = More;
			sourceTree = "<group>";
		};
/* End PBXGroup section */

/* Begin PBXNativeTarget section */
		13D1FCE225C8764C0029334C /* Calculator_iOS */ = {
			isa = PBXNativeTarget;
			buildConfigurationList = 13D1FCF725C8764E0029334C /* Build configuration list for PBXNativeTarget "Calculator_iOS" */;
			buildPhases = (
				13D1FCDF25C8764C0029334C /* Sources */,
				13D1FCE025C8764C0029334C /* Frameworks */,
				13D1FCE125C8764C0029334C /* Resources */,
			);
			buildRules = (
			);
			dependencies = (
			);
			name = Calculator_iOS;
			productName = Calculator_iOS;
			productReference = 13D1FCE325C8764C0029334C /* Calculator_iOS.app */;
			productType = "com.apple.product-type.application";
		};
/* End PBXNativeTarget section */

/* Begin PBXProject section */
		13D1FCDB25C8764C0029334C /* Project object */ = {
			isa = PBXProject;
			attributes = {
				LastSwiftUpdateCheck = 1230;
				LastUpgradeCheck = 1230;
				TargetAttributes = {
					13D1FCE225C8764C0029334C = {
						CreatedOnToolsVersion = 12.3;
					};
				};
			};
			buildConfigurationList = 13D1FCDE25C8764C0029334C /* Build configuration list for PBXProject "Calculator_iOS" */;
			compatibilityVersion = "Xcode 9.3";
			developmentRegion = en;
			hasScannedForEncodings = 0;
			knownRegions = (
				en,
				Base,
			);
			mainGroup = 13D1FCDA25C8764C0029334C;
			productRefGroup = 13D1FCE425C8764C0029334C /* Products */;
			projectDirPath = "";
			projectRoot = "";
			targets = (
				13D1FCE225C8764C0029334C /* Calculator_iOS */,
			);
		};
/* End PBXProject section */

/* Begin PBXResourcesBuildPhase section */
		13D1FCE125C8764C0029334C /* Resources */ = {
			isa = PBXResourcesBuildPhase;
			buildActionMask = 2147483647;
			files = (
				13D1FCF325C8764E0029334C /* LaunchScreen.storyboard in Resources */,
				13D1FCF025C8764E0029334C /* Assets.xcassets in Resources */,
				13D1FCEE25C8764C0029334C /* Main.storyboard in Resources */,
			);
			runOnlyForDeploymentPostprocessing = 0;
		};
/* End PBXResourcesBuildPhase section */

/* Begin PBXSourcesBuildPhase section */
		13D1FCDF25C8764C0029334C /* Sources */ = {
			isa = PBXSourcesBuildPhase;
			buildActionMask = 2147483647;
			files = (
				13D1FCEB25C8764C0029334C /* ViewController.swift in Sources */,
				13CC82C025CD09E700DEF23B /* RoundButton.swift in Sources */,
				13D1FCFF25C879E70029334C /* Calculator.swift in Sources */,
				13D1FCE725C8764C0029334C /* AppDelegate.swift in Sources */,
				13D1FCE925C8764C0029334C /* SceneDelegate.swift in Sources */,
			);
			runOnlyForDeploymentPostprocessing = 0;
		};
/* End PBXSourcesBuildPhase section */

/* Begin PBXVariantGroup section */
		13D1FCEC25C8764C0029334C /* Main.storyboard */ = {
			isa = PBXVariantGroup;
			children = (
				13D1FCED25C8764C0029334C /* Base */,
			);
			name = Main.storyboard;
			sourceTree = "<group>";
		};
		13D1FCF125C8764E0029334C /* LaunchScreen.storyboard */ = {
			isa = PBXVariantGroup;
			children = (
				13D1FCF225C8764E0029334C /* Base */,
			);
			name = LaunchScreen.storyboard;
			sourceTree = "<group>";
		};
/* End PBXVariantGroup section */

/* Begin XCBuildConfiguration section */
		13D1FCF525C8764E0029334C /* Debug */ = {
			isa = XCBuildConfiguration;
			buildSettings = {
				ALWAYS_SEARCH_USER_PATHS = NO;
				CLANG_ANALYZER_NONNULL = YES;
				CLANG_ANALYZER_NUMBER_OBJECT_CONVERSION = YES_AGGRESSIVE;
				CLANG_CXX_LANGUAGE_STANDARD = "gnu++14";
				CLANG_CXX_LIBRARY = "libc++";
				CLANG_ENABLE_MODULES = YES;
				CLANG_ENABLE_OBJC_ARC = YES;
				CLANG_ENABLE_OBJC_WEAK = YES;
				CLANG_WARN_BLOCK_CAPTURE_AUTORELEASING = YES;
				CLANG_WARN_BOOL_CONVERSION = YES;
				CLANG_WARN_COMMA = YES;
				CLANG_WARN_CONSTANT_CONVERSION = YES;
				CLANG_WARN_DEPRECATED_OBJC_IMPLEMENTATIONS = YES;
				CLANG_WARN_DIRECT_OBJC_ISA_USAGE = YES_ERROR;
				CLANG_WARN_DOCUMENTATION_COMMENTS = YES;
				CLANG_WARN_EMPTY_BODY = YES;
				CLANG_WARN_ENUM_CONVERSION = YES;
				CLANG_WARN_INFINITE_RECURSION = YES;
				CLANG_WARN_INT_CONVERSION = YES;
				CLANG_WARN_NON_LITERAL_NULL_CONVERSION = YES;
				CLANG_WARN_OBJC_IMPLICIT_RETAIN_SELF = YES;
				CLANG_WARN_OBJC_LITERAL_CONVERSION = YES;
				CLANG_WARN_OBJC_ROOT_CLASS = YES_ERROR;
				CLANG_WARN_QUOTED_INCLUDE_IN_FRAMEWORK_HEADER = YES;
				CLANG_WARN_RANGE_LOOP_ANALYSIS = YES;
				CLANG_WARN_STRICT_PROTOTYPES = YES;
				CLANG_WARN_SUSPICIOUS_MOVE = YES;
				CLANG_WARN_UNGUARDED_AVAILABILITY = YES_AGGRESSIVE;
				CLANG_WARN_UNREACHABLE_CODE = YES;
				CLANG_WARN__DUPLICATE_METHOD_MATCH = YES;
				COPY_PHASE_STRIP = NO;
				DEBUG_INFORMATION_FORMAT = dwarf;
				ENABLE_STRICT_OBJC_MSGSEND = YES;
				ENABLE_TESTABILITY = YES;
				GCC_C_LANGUAGE_STANDARD = gnu11;
				GCC_DYNAMIC_NO_PIC = NO;
				GCC_NO_COMMON_BLOCKS = YES;
				GCC_OPTIMIZATION_LEVEL = 0;
				GCC_PREPROCESSOR_DEFINITIONS = (
					"DEBUG=1",
					"$(inherited)",
				);
				GCC_WARN_64_TO_32_BIT_CONVERSION = YES;
				GCC_WARN_ABOUT_RETURN_TYPE = YES_ERROR;
				GCC_WARN_UNDECLARED_SELECTOR = YES;
				GCC_WARN_UNINITIALIZED_AUTOS = YES_AGGRESSIVE;
				GCC_WARN_UNUSED_FUNCTION = YES;
				GCC_WARN_UNUSED_VARIABLE = YES;
				IPHONEOS_DEPLOYMENT_TARGET = 14.3;
				MTL_ENABLE_DEBUG_INFO = INCLUDE_SOURCE;
				MTL_FAST_MATH = YES;
				ONLY_ACTIVE_ARCH = YES;
				SDKROOT = iphoneos;
				SWIFT_ACTIVE_COMPILATION_CONDITIONS = DEBUG;
				SWIFT_OPTIMIZATION_LEVEL = "-Onone";
			};
			name = Debug;
		};
		13D1FCF625C8764E0029334C /* Release */ = {
			isa = XCBuildConfiguration;
			buildSettings = {
				ALWAYS_SEARCH_USER_PATHS = NO;
				CLANG_ANALYZER_NONNULL = YES;
				CLANG_ANALYZER_NUMBER_OBJECT_CONVERSION = YES_AGGRESSIVE;
				CLANG_CXX_LANGUAGE_STANDARD = "gnu++14";
				CLANG_CXX_LIBRARY = "libc++";
				CLANG_ENABLE_MODULES = YES;
				CLANG_ENABLE_OBJC_ARC = YES;
				CLANG_ENABLE_OBJC_WEAK = YES;
				CLANG_WARN_BLOCK_CAPTURE_AUTORELEASING = YES;
				CLANG_WARN_BOOL_CONVERSION = YES;
				CLANG_WARN_COMMA = YES;
				CLANG_WARN_CONSTANT_CONVERSION = YES;
				CLANG_WARN_DEPRECATED_OBJC_IMPLEMENTATIONS = YES;
				CLANG_WARN_DIRECT_OBJC_ISA_USAGE = YES_ERROR;
				CLANG_WARN_DOCUMENTATION_COMMENTS = YES;
				CLANG_WARN_EMPTY_BODY = YES;
				CLANG_WARN_ENUM_CONVERSION = YES;
				CLANG_WARN_INFINITE_RECURSION = YES;
				CLANG_WARN_INT_CONVERSION = YES;
				CLANG_WARN_NON_LITERAL_NULL_CONVERSION = YES;
				CLANG_WARN_OBJC_IMPLICIT_RETAIN_SELF = YES;
				CLANG_WARN_OBJC_LITERAL_CONVERSION = YES;
				CLANG_WARN_OBJC_ROOT_CLASS = YES_ERROR;
				CLANG_WARN_QUOTED_INCLUDE_IN_FRAMEWORK_HEADER = YES;
				CLANG_WARN_RANGE_LOOP_ANALYSIS = YES;
				CLANG_WARN_STRICT_PROTOTYPES = YES;
				CLANG_WARN_SUSPICIOUS_MOVE = YES;
				CLANG_WARN_UNGUARDED_AVAILABILITY = YES_AGGRESSIVE;
				CLANG_WARN_UNREACHABLE_CODE = YES;
				CLANG_WARN__DUPLICATE_METHOD_MATCH = YES;
				COPY_PHASE_STRIP = NO;
				DEBUG_INFORMATION_FORMAT = "dwarf-with-dsym";
				ENABLE_NS_ASSERTIONS = NO;
				ENABLE_STRICT_OBJC_MSGSEND = YES;
				GCC_C_LANGUAGE_STANDARD = gnu11;
				GCC_NO_COMMON_BLOCKS = YES;
				GCC_WARN_64_TO_32_BIT_CONVERSION = YES;
				GCC_WARN_ABOUT_RETURN_TYPE = YES_ERROR;
				GCC_WARN_UNDECLARED_SELECTOR = YES;
				GCC_WARN_UNINITIALIZED_AUTOS = YES_AGGRESSIVE;
				GCC_WARN_UNUSED_FUNCTION = YES;
				GCC_WARN_UNUSED_VARIABLE = YES;
				IPHONEOS_DEPLOYMENT_TARGET = 14.3;
				MTL_ENABLE_DEBUG_INFO = NO;
				MTL_FAST_MATH = YES;
				SDKROOT = iphoneos;
				SWIFT_COMPILATION_MODE = wholemodule;
				SWIFT_OPTIMIZATION_LEVEL = "-O";
				VALIDATE_PRODUCT = YES;
			};
			name = Release;
		};
		13D1FCF825C8764E0029334C /* Debug */ = {
			isa = XCBuildConfiguration;
			buildSettings = {
				ASSETCATALOG_COMPILER_APPICON_NAME = AppIcon;
				ASSETCATALOG_COMPILER_GLOBAL_ACCENT_COLOR_NAME = AccentColor;
				CODE_SIGN_STYLE = Automatic;
				DEVELOPMENT_TEAM = D49586A22K;
				INFOPLIST_FILE = Calculator_iOS/Info.plist;
				LD_RUNPATH_SEARCH_PATHS = (
					"$(inherited)",
					"@executable_path/Frameworks",
				);
				PRODUCT_BUNDLE_IDENTIFIER = "com.meruyerttass.Calculator-iOS";
				PRODUCT_NAME = "$(TARGET_NAME)";
				SWIFT_VERSION = 5.0;
				TARGETED_DEVICE_FAMILY = "1,2";
			};
			name = Debug;
		};
		13D1FCF925C8764E0029334C /* Release */ = {
			isa = XCBuildConfiguration;
			buildSettings = {
				ASSETCATALOG_COMPILER_APPICON_NAME = AppIcon;
				ASSETCATALOG_COMPILER_GLOBAL_ACCENT_COLOR_NAME = AccentColor;
				CODE_SIGN_STYLE = Automatic;
				DEVELOPMENT_TEAM = D49586A22K;
				INFOPLIST_FILE = Calculator_iOS/Info.plist;
				LD_RUNPATH_SEARCH_PATHS = (
					"$(inherited)",
					"@executable_path/Frameworks",
				);
				PRODUCT_BUNDLE_IDENTIFIER = "com.meruyerttass.Calculator-iOS";
				PRODUCT_NAME = "$(TARGET_NAME)";
				SWIFT_VERSION = 5.0;
				TARGETED_DEVICE_FAMILY = "1,2";
			};
			name = Release;
		};
/* End XCBuildConfiguration section */

/* Begin XCConfigurationList section */
		13D1FCDE25C8764C0029334C /* Build configuration list for PBXProject "Calculator_iOS" */ = {
			isa = XCConfigurationList;
			buildConfigurations = (
				13D1FCF525C8764E0029334C /* Debug */,
				13D1FCF625C8764E0029334C /* Release */,
			);
			defaultConfigurationIsVisible = 0;
			defaultConfigurationName = Release;
		};
		13D1FCF725C8764E0029334C /* Build configuration list for PBXNativeTarget "Calculator_iOS" */ = {
			isa = XCConfigurationList;
			buildConfigurations = (
				13D1FCF825C8764E0029334C /* Debug */,
				13D1FCF925C8764E0029334C /* Release */,
			);
			defaultConfigurationIsVisible = 0;
			defaultConfigurationName = Release;
		};
/* End XCConfigurationList section */
	};
	rootObject = 13D1FCDB25C8764C0029334C /* Project object */;
}
